
Microsoft Visual Studio Solution File, Format Version 12.00
# Visual Studio Version 17
VisualStudioVersion = 17.8.34408.163
MinimumVisualStudioVersion = 10.0.40219.1
Project("{F184B08F-C81C-45F6-A57F-5ABD9991F28F}") = "1.Intro to VB2", "1.Intro to VB2.vbproj", "{DADFF004-B072-4FC1-AE41-F1B27CFA36B7}"
EndProject
Global
	GlobalSection(SolutionConfigurationPlatforms) = preSolution
		Debug|Any CPU = Debug|Any CPU
		Release|Any CPU = Release|Any CPU
	EndGlobalSection
	GlobalSection(ProjectConfigurationPlatforms) = postSolution
		{DADFF004-B072-4FC1-AE41-F1B27CFA36B7}.Debug|Any CPU.ActiveCfg = Debug|Any CPU
		{DADFF004-B072-4FC1-AE41-F1B27CFA36B7}.Debug|Any CPU.Build.0 = Debug|Any CPU
		{DADFF004-B072-4FC1-AE41-F1B27CFA36B7}.Release|Any CPU.ActiveCfg = Release|Any CPU
		{DADFF004-B072-4FC1-AE41-F1B27CFA36B7}.Release|Any CPU.Build.0 = Release|Any CPU
	EndGlobalSection
	GlobalSection(SolutionProperties) = preSolution
		HideSolutionNode = FALSE
	EndGlobalSection
	GlobalSection(ExtensibilityGlobals) = postSolution
		SolutionGuid = {DEE91D2A-87D7-49BD-9D28-7C142CB0DFEC}
	EndGlobalSection
EndGlobal
